
Microsoft Visual Studio Solution File, Format Version 12.00
Project("{FAE04EC0-301F-11D3-BF4B-00C04F79EFBC}") = "Hello", "Hello\Hello.csproj", "{B1A8F538-600C-4961-9F04-40D2DFD4A53A}"
EndProject
Global
	GlobalSection(SolutionConfigurationPlatforms) = preSolution
		Debug|Any CPU = Debug|Any CPU
		Release|Any CPU = Release|Any CPU
	EndGlobalSection
	GlobalSection(ProjectConfigurationPlatforms) = postSolution
		{B1A8F538-600C-4961-9F04-40D2DFD4A53A}.Debug|Any CPU.ActiveCfg = Debug|Any CPU
		{B1A8F538-600C-4961-9F04-40D2DFD4A53A}.Debug|Any CPU.Build.0 = Debug|Any CPU
		{B1A8F538-600C-4961-9F04-40D2DFD4A53A}.Release|Any CPU.ActiveCfg = Release|Any CPU
		{B1A8F538-600C-4961-9F04-40D2DFD4A53A}.Release|Any CPU.Build.0 = Release|Any CPU
	EndGlobalSection
EndGlobal
